
Microsoft Visual Studio Solution File, Format Version 12.00
# Visual Studio Version 16
VisualStudioVersion = 16.0.29806.167
MinimumVisualStudioVersion = 10.0.40219.1
Project("{9A19103F-16F7-4668-BE54-9A1E7A4F7556}") = "eShopSolution.WebApp", "eShopSolution.WebApp\eShopSolution.WebApp.csproj", "{2EF7AB50-676B-4114-86FA-7C13F0D4D485}"
EndProject
Project("{2150E333-8FDC-42A3-9474-1A3956D46DE8}") = "0.Solution Items", "0.Solution Items", "{4BA332B9-28BA-45DD-BD62-ACA71920AF50}"
	ProjectSection(SolutionItems) = preProject
		README.md = README.md
	EndProjectSection
EndProject
Project("{9A19103F-16F7-4668-BE54-9A1E7A4F7556}") = "eShopSolution.Data", "eShopSolution.Data\eShopSolution.Data.csproj", "{9A8F7DC4-14D6-4758-82EE-88DD207CA9A3}"
EndProject
Project("{9A19103F-16F7-4668-BE54-9A1E7A4F7556}") = "eShopSolution.Application", "eShopSolution.Application\eShopSolution.Application.csproj", "{9BB927D1-3A74-4AA5-A8B1-F7BAF1FE5433}"
EndProject
Project("{9A19103F-16F7-4668-BE54-9A1E7A4F7556}") = "eShopSolution.Utilities", "eShopSolution.Utilities\eShopSolution.Utilities.csproj", "{561E259D-1DAB-4D33-BDFD-91B03B5A1C33}"
EndProject
Project("{9A19103F-16F7-4668-BE54-9A1E7A4F7556}") = "eShopSolution.ViewModels", "eShopSolution.ViewModels\eShopSolution.ViewModels.csproj", "{102C32FD-3004-4C4E-97C2-A3B24B96500E}"
EndProject
Project("{9A19103F-16F7-4668-BE54-9A1E7A4F7556}") = "eShopSolution.BackendApi", "eShopSolution.BackendApi\eShopSolution.BackendApi.csproj", "{C280BE14-FCD2-44B6-BCDB-2A17C5F4DCC3}"
EndProject
Project("{2150E333-8FDC-42A3-9474-1A3956D46DE8}") = "1.Infrastructure", "1.Infrastructure", "{AF799954-16E5-446C-AC6D-A8F895196717}"
EndProject
Project("{2150E333-8FDC-42A3-9474-1A3956D46DE8}") = "2.Domain", "2.Domain", "{3A192D4F-E338-428B-92AA-BD47F1A2A289}"
EndProject
Project("{2150E333-8FDC-42A3-9474-1A3956D46DE8}") = "3.Hosts", "3.Hosts", "{36CC6FE8-029C-4A66-9814-050C27287C38}"
EndProject
Global
	GlobalSection(SolutionConfigurationPlatforms) = preSolution
		Debug|Any CPU = Debug|Any CPU
		Release|Any CPU = Release|Any CPU
	EndGlobalSection
	GlobalSection(ProjectConfigurationPlatforms) = postSolution
		{2EF7AB50-676B-4114-86FA-7C13F0D4D485}.Debug|Any CPU.ActiveCfg = Debug|Any CPU
		{2EF7AB50-676B-4114-86FA-7C13F0D4D485}.Debug|Any CPU.Build.0 = Debug|Any CPU
		{2EF7AB50-676B-4114-86FA-7C13F0D4D485}.Release|Any CPU.ActiveCfg = Release|Any CPU
		{2EF7AB50-676B-4114-86FA-7C13F0D4D485}.Release|Any CPU.Build.0 = Release|Any CPU
		{9A8F7DC4-14D6-4758-82EE-88DD207CA9A3}.Debug|Any CPU.ActiveCfg = Debug|Any CPU
		{9A8F7DC4-14D6-4758-82EE-88DD207CA9A3}.Debug|Any CPU.Build.0 = Debug|Any CPU
		{9A8F7DC4-14D6-4758-82EE-88DD207CA9A3}.Release|Any CPU.ActiveCfg = Release|Any CPU
		{9A8F7DC4-14D6-4758-82EE-88DD207CA9A3}.Release|Any CPU.Build.0 = Release|Any CPU
		{9BB927D1-3A74-4AA5-A8B1-F7BAF1FE5433}.Debug|Any CPU.ActiveCfg = Debug|Any CPU
		{9BB927D1-3A74-4AA5-A8B1-F7BAF1FE5433}.Debug|Any CPU.Build.0 = Debug|Any CPU
		{9BB927D1-3A74-4AA5-A8B1-F7BAF1FE5433}.Release|Any CPU.ActiveCfg = Release|Any CPU
		{9BB927D1-3A74-4AA5-A8B1-F7BAF1FE5433}.Release|Any CPU.Build.0 = Release|Any CPU
		{561E259D-1DAB-4D33-BDFD-91B03B5A1C33}.Debug|Any CPU.ActiveCfg = Debug|Any CPU
		{561E259D-1DAB-4D33-BDFD-91B03B5A1C33}.Debug|Any CPU.Build.0 = Debug|Any CPU
		{561E259D-1DAB-4D33-BDFD-91B03B5A1C33}.Release|Any CPU.ActiveCfg = Release|Any CPU
		{561E259D-1DAB-4D33-BDFD-91B03B5A1C33}.Release|Any CPU.Build.0 = Release|Any CPU
		{102C32FD-3004-4C4E-97C2-A3B24B96500E}.Debug|Any CPU.ActiveCfg = Debug|Any CPU
		{102C32FD-3004-4C4E-97C2-A3B24B96500E}.Debug|Any CPU.Build.0 = Debug|Any CPU
		{102C32FD-3004-4C4E-97C2-A3B24B96500E}.Release|Any CPU.ActiveCfg = Release|Any CPU
		{102C32FD-3004-4C4E-97C2-A3B24B96500E}.Release|Any CPU.Build.0 = Release|Any CPU
		{C280BE14-FCD2-44B6-BCDB-2A17C5F4DCC3}.Debug|Any CPU.ActiveCfg = Debug|Any CPU
		{C280BE14-FCD2-44B6-BCDB-2A17C5F4DCC3}.Debug|Any CPU.Build.0 = Debug|Any CPU
		{C280BE14-FCD2-44B6-BCDB-2A17C5F4DCC3}.Release|Any CPU.ActiveCfg = Release|Any CPU
		{C280BE14-FCD2-44B6-BCDB-2A17C5F4DCC3}.Release|Any CPU.Build.0 = Release|Any CPU
	EndGlobalSection
	GlobalSection(SolutionProperties) = preSolution
		HideSolutionNode = FALSE
	EndGlobalSection
	GlobalSection(NestedProjects) = preSolution
		{2EF7AB50-676B-4114-86FA-7C13F0D4D485} = {36CC6FE8-029C-4A66-9814-050C27287C38}
		{9A8F7DC4-14D6-4758-82EE-88DD207CA9A3} = {3A192D4F-E338-428B-92AA-BD47F1A2A289}
		{9BB927D1-3A74-4AA5-A8B1-F7BAF1FE5433} = {3A192D4F-E338-428B-92AA-BD47F1A2A289}
		{561E259D-1DAB-4D33-BDFD-91B03B5A1C33} = {AF799954-16E5-446C-AC6D-A8F895196717}
		{102C32FD-3004-4C4E-97C2-A3B24B96500E} = {AF799954-16E5-446C-AC6D-A8F895196717}
		{C280BE14-FCD2-44B6-BCDB-2A17C5F4DCC3} = {36CC6FE8-029C-4A66-9814-050C27287C38}
	EndGlobalSection
	GlobalSection(ExtensibilityGlobals) = postSolution
		SolutionGuid = {C4CBC565-3DCD-4B76-9656-4CF06552122A}
	EndGlobalSection
EndGlobal
